// !$*UTF8*$!
{
	archiveVersion = 1;
	classes = {
	};
	objectVersion = 56;
	objects = {

/* Begin PBXBuildFile section */
		C51DD8412C620DC400686C91 /* AppDelegate.swift in Sources */ = {isa = PBXBuildFile; fileRef = C51DD8402C620DC400686C91 /* AppDelegate.swift */; };
		C51DD8432C620DC400686C91 /* SceneDelegate.swift in Sources */ = {isa = PBXBuildFile; fileRef = C51DD8422C620DC400686C91 /* SceneDelegate.swift */; };
		C51DD8452C620DC400686C91 /* ViewController.swift in Sources */ = {isa = PBXBuildFile; fileRef = C51DD8442C620DC400686C91 /* ViewController.swift */; };
		C51DD8482C620DC400686C91 /* Base in Resources */ = {isa = PBXBuildFile; fileRef = C51DD8472C620DC400686C91 /* Base */; };
		C51DD84A2C620DC600686C91 /* Assets.xcassets in Resources */ = {isa = PBXBuildFile; fileRef = C51DD8492C620DC600686C91 /* Assets.xcassets */; };
		C51DD84D2C620DC600686C91 /* Base in Resources */ = {isa = PBXBuildFile; fileRef = C51DD84C2C620DC600686C91 /* Base */; };
		C51DD8582C620DC700686C91 /* FirstUIViewTests.swift in Sources */ = {isa = PBXBuildFile; fileRef = C51DD8572C620DC700686C91 /* FirstUIViewTests.swift */; };
		C51DD8622C620DC700686C91 /* FirstUIViewUITests.swift in Sources */ = {isa = PBXBuildFile; fileRef = C51DD8612C620DC700686C91 /* FirstUIViewUITests.swift */; };
		C51DD8642C620DC700686C91 /* FirstUIViewUITestsLaunchTests.swift in Sources */ = {isa = PBXBuildFile; fileRef = C51DD8632C620DC700686C91 /* FirstUIViewUITestsLaunchTests.swift */; };
/* End PBXBuildFile section */

/* Begin PBXContainerItemProxy section */
		C51DD8542C620DC700686C91 /* PBXContainerItemProxy */ = {
			isa = PBXContainerItemProxy;
			containerPortal = C51DD8352C620DC400686C91 /* Project object */;
			proxyType = 1;
			remoteGlobalIDString = C51DD83C2C620DC400686C91;
			remoteInfo = FirstUIView;
		};
		C51DD85E2C620DC700686C91 /* PBXContainerItemProxy */ = {
			isa = PBXContainerItemProxy;
			containerPortal = C51DD8352C620DC400686C91 /* Project object */;
			proxyType = 1;
			remoteGlobalIDString = C51DD83C2C620DC400686C91;
			remoteInfo = FirstUIView;
		};
/* End PBXContainerItemProxy section */

/* Begin PBXFileReference section */
		C51DD83D2C620DC400686C91 /* FirstUIView.app */ = {isa = PBXFileReference; explicitFileType = wrapper.application; includeInIndex = 0; path = FirstUIView.app; sourceTree = BUILT_PRODUCTS_DIR; };
		C51DD8402C620DC400686C91 /* AppDelegate.swift */ = {isa = PBXFileReference; lastKnownFileType = sourcecode.swift; path = AppDelegate.swift; sourceTree = "<group>"; };
		C51DD8422C620DC400686C91 /* SceneDelegate.swift */ = {isa = PBXFileReference; lastKnownFileType = sourcecode.swift; path = SceneDelegate.swift; sourceTree = "<group>"; };
		C51DD8442C620DC400686C91 /* ViewController.swift */ = {isa = PBXFileReference; lastKnownFileType = sourcecode.swift; path = ViewController.swift; sourceTree = "<group>"; };
		C51DD8472C620DC400686C91 /* Base */ = {isa = PBXFileReference; lastKnownFileType = file.storyboard; name = Base; path = Base.lproj/Main.storyboard; sourceTree = "<group>"; };
		C51DD8492C620DC600686C91 /* Assets.xcassets */ = {isa = PBXFileReference; lastKnownFileType = folder.assetcatalog; path = Assets.xcassets; sourceTree = "<group>"; };
		C51DD84C2C620DC600686C91 /* Base */ = {isa = PBXFileReference; lastKnownFileType = file.storyboard; name = Base; path = Base.lproj/LaunchScreen.storyboard; sourceTree = "<group>"; };
		C51DD84E2C620DC600686C91 /* Info.plist */ = {isa = PBXFileReference; lastKnownFileType = text.plist.xml; path = Info.plist; sourceTree = "<group>"; };
		C51DD8532C620DC700686C91 /* FirstUIViewTests.xctest */ = {isa = PBXFileReference; explicitFileType = wrapper.cfbundle; includeInIndex = 0; path = FirstUIViewTests.xctest; sourceTree = BUILT_PRODUCTS_DIR; };
		C51DD8572C620DC700686C91 /* FirstUIViewTests.swift */ = {isa = PBXFileReference; lastKnownFileType = sourcecode.swift; path = FirstUIViewTests.swift; sourceTree = "<group>"; };
		C51DD85D2C620DC700686C91 /* FirstUIViewUITests.xctest */ = {isa = PBXFileReference; explicitFileType = wrapper.cfbundle; includeInIndex = 0; path = FirstUIViewUITests.xctest; sourceTree = BUILT_PRODUCTS_DIR; };
		C51DD8612C620DC700686C91 /* FirstUIViewUITests.swift */ = {isa = PBXFileReference; lastKnownFileType = sourcecode.swift; path = FirstUIViewUITests.swift; sourceTree = "<group>"; };
		C51DD8632C620DC700686C91 /* FirstUIViewUITestsLaunchTests.swift */ = {isa = PBXFileReference; lastKnownFileType = sourcecode.swift; path = FirstUIViewUITestsLaunchTests.swift; sourceTree = "<group>"; };
/* End PBXFileReference section */

/* Begin PBXFrameworksBuildPhase section */
		C51DD83A2C620DC400686C91 /* Frameworks */ = {
			isa = PBXFrameworksBuildPhase;
			buildActionMask = 2147483647;
			files = (
			);
			runOnlyForDeploymentPostprocessing = 0;
		};
		C51DD8502C620DC700686C91 /* Frameworks */ = {
			isa = PBXFrameworksBuildPhase;
			buildActionMask = 2147483647;
			files = (
			);
			runOnlyForDeploymentPostprocessing = 0;
		};
		C51DD85A2C620DC700686C91 /* Frameworks */ = {
			isa = PBXFrameworksBuildPhase;
			buildActionMask = 2147483647;
			files = (
			);
			runOnlyForDeploymentPostprocessing = 0;
		};
/* End PBXFrameworksBuildPhase section */

/* Begin PBXGroup section */
		C51DD8342C620DC400686C91 = {
			isa = PBXGroup;
			children = (
				C51DD83F2C620DC400686C91 /* FirstUIView */,
				C51DD8562C620DC700686C91 /* FirstUIViewTests */,
				C51DD8602C620DC700686C91 /* FirstUIViewUITests */,
				C51DD83E2C620DC400686C91 /* Products */,
			);
			sourceTree = "<group>";
		};
		C51DD83E2C620DC400686C91 /* Products */ = {
			isa = PBXGroup;
			children = (
				C51DD83D2C620DC400686C91 /* FirstUIView.app */,
				C51DD8532C620DC700686C91 /* FirstUIViewTests.xctest */,
				C51DD85D2C620DC700686C91 /* FirstUIViewUITests.xctest */,
			);
			name = Products;
			sourceTree = "<group>";
		};
		C51DD83F2C620DC400686C91 /* FirstUIView */ = {
			isa = PBXGroup;
			children = (
				C51DD8402C620DC400686C91 /* AppDelegate.swift */,
				C51DD8422C620DC400686C91 /* SceneDelegate.swift */,
				C51DD8442C620DC400686C91 /* ViewController.swift */,
				C51DD8462C620DC400686C91 /* Main.storyboard */,
				C51DD8492C620DC600686C91 /* Assets.xcassets */,
				C51DD84B2C620DC600686C91 /* LaunchScreen.storyboard */,
				C51DD84E2C620DC600686C91 /* Info.plist */,
			);
			path = FirstUIView;
			sourceTree = "<group>";
		};
		C51DD8562C620DC700686C91 /* FirstUIViewTests */ = {
			isa = PBXGroup;
			children = (
				C51DD8572C620DC700686C91 /* FirstUIViewTests.swift */,
			);
			path = FirstUIViewTests;
			sourceTree = "<group>";
		};
		C51DD8602C620DC700686C91 /* FirstUIViewUITests */ = {
			isa = PBXGroup;
			children = (
				C51DD8612C620DC700686C91 /* FirstUIViewUITests.swift */,
				C51DD8632C620DC700686C91 /* FirstUIViewUITestsLaunchTests.swift */,
			);
			path = FirstUIViewUITests;
			sourceTree = "<group>";
		};
/* End PBXGroup section */

/* Begin PBXNativeTarget section */
		C51DD83C2C620DC400686C91 /* FirstUIView */ = {
			isa = PBXNativeTarget;
			buildConfigurationList = C51DD8672C620DC700686C91 /* Build configuration list for PBXNativeTarget "FirstUIView" */;
			buildPhases = (
				C51DD8392C620DC400686C91 /* Sources */,
				C51DD83A2C620DC400686C91 /* Frameworks */,
				C51DD83B2C620DC400686C91 /* Resources */,
			);
			buildRules = (
			);
			dependencies = (
			);
			name = FirstUIView;
			productName = FirstUIView;
			productReference = C51DD83D2C620DC400686C91 /* FirstUIView.app */;
			productType = "com.apple.product-type.application";
		};
		C51DD8522C620DC700686C91 /* FirstUIViewTests */ = {
			isa = PBXNativeTarget;
			buildConfigurationList = C51DD86A2C620DC700686C91 /* Build configuration list for PBXNativeTarget "FirstUIViewTests" */;
			buildPhases = (
				C51DD84F2C620DC700686C91 /* Sources */,
				C51DD8502C620DC700686C91 /* Frameworks */,
				C51DD8512C620DC700686C91 /* Resources */,
			);
			buildRules = (
			);
			dependencies = (
				C51DD8552C620DC700686C91 /* PBXTargetDependency */,
			);
			name = FirstUIViewTests;
			productName = FirstUIViewTests;
			productReference = C51DD8532C620DC700686C91 /* FirstUIViewTests.xctest */;
			productType = "com.apple.product-type.bundle.unit-test";
		};
		C51DD85C2C620DC700686C91 /* FirstUIViewUITests */ = {
			isa = PBXNativeTarget;
			buildConfigurationList = C51DD86D2C620DC700686C91 /* Build configuration list for PBXNativeTarget "FirstUIViewUITests" */;
			buildPhases = (
				C51DD8592C620DC700686C91 /* Sources */,
				C51DD85A2C620DC700686C91 /* Frameworks */,
				C51DD85B2C620DC700686C91 /* Resources */,
			);
			buildRules = (
			);
			dependencies = (
				C51DD85F2C620DC700686C91 /* PBXTargetDependency */,
			);
			name = FirstUIViewUITests;
			productName = FirstUIViewUITests;
			productReference = C51DD85D2C620DC700686C91 /* FirstUIViewUITests.xctest */;
			productType = "com.apple.product-type.bundle.ui-testing";
		};
/* End PBXNativeTarget section */

/* Begin PBXProject section */
		C51DD8352C620DC400686C91 /* Project object */ = {
			isa = PBXProject;
			attributes = {
				BuildIndependentTargetsInParallel = 1;
				LastSwiftUpdateCheck = 1540;
				LastUpgradeCheck = 1540;
				TargetAttributes = {
					C51DD83C2C620DC400686C91 = {
						CreatedOnToolsVersion = 15.4;
					};
					C51DD8522C620DC700686C91 = {
						CreatedOnToolsVersion = 15.4;
						TestTargetID = C51DD83C2C620DC400686C91;
					};
					C51DD85C2C620DC700686C91 = {
						CreatedOnToolsVersion = 15.4;
						TestTargetID = C51DD83C2C620DC400686C91;
					};
				};
			};
			buildConfigurationList = C51DD8382C620DC400686C91 /* Build configuration list for PBXProject "FirstUIView" */;
			compatibilityVersion = "Xcode 14.0";
			developmentRegion = en;
			hasScannedForEncodings = 0;
			knownRegions = (
				en,
				Base,
			);
			mainGroup = C51DD8342C620DC400686C91;
			productRefGroup = C51DD83E2C620DC400686C91 /* Products */;
			projectDirPath = "";
			projectRoot = "";
			targets = (
				C51DD83C2C620DC400686C91 /* FirstUIView */,
				C51DD8522C620DC700686C91 /* FirstUIViewTests */,
				C51DD85C2C620DC700686C91 /* FirstUIViewUITests */,
			);
		};
/* End PBXProject section */

/* Begin PBXResourcesBuildPhase section */
		C51DD83B2C620DC400686C91 /* Resources */ = {
			isa = PBXResourcesBuildPhase;
			buildActionMask = 2147483647;
			files = (
				C51DD84A2C620DC600686C91 /* Assets.xcassets in Resources */,
				C51DD84D2C620DC600686C91 /* Base in Resources */,
				C51DD8482C620DC400686C91 /* Base in Resources */,
			);
			runOnlyForDeploymentPostprocessing = 0;
		};
		C51DD8512C620DC700686C91 /* Resources */ = {
			isa = PBXResourcesBuildPhase;
			buildActionMask = 2147483647;
			files = (
			);
			runOnlyForDeploymentPostprocessing = 0;
		};
		C51DD85B2C620DC700686C91 /* Resources */ = {
			isa = PBXResourcesBuildPhase;
			buildActionMask = 2147483647;
			files = (
			);
			runOnlyForDeploymentPostprocessing = 0;
		};
/* End PBXResourcesBuildPhase section */

/* Begin PBXSourcesBuildPhase section */
		C51DD8392C620DC400686C91 /* Sources */ = {
			isa = PBXSourcesBuildPhase;
			buildActionMask = 2147483647;
			files = (
				C51DD8452C620DC400686C91 /* ViewController.swift in Sources */,
				C51DD8412C620DC400686C91 /* AppDelegate.swift in Sources */,
				C51DD8432C620DC400686C91 /* SceneDelegate.swift in Sources */,
			);
			runOnlyForDeploymentPostprocessing = 0;
		};
		C51DD84F2C620DC700686C91 /* Sources */ = {
			isa = PBXSourcesBuildPhase;
			buildActionMask = 2147483647;
			files = (
				C51DD8582C620DC700686C91 /* FirstUIViewTests.swift in Sources */,
			);
			runOnlyForDeploymentPostprocessing = 0;
		};
		C51DD8592C620DC700686C91 /* Sources */ = {
			isa = PBXSourcesBuildPhase;
			buildActionMask = 2147483647;
			files = (
				C51DD8642C620DC700686C91 /* FirstUIViewUITestsLaunchTests.swift in Sources */,
				C51DD8622C620DC700686C91 /* FirstUIViewUITests.swift in Sources */,
			);
			runOnlyForDeploymentPostprocessing = 0;
		};
/* End PBXSourcesBuildPhase section */

/* Begin PBXTargetDependency section */
		C51DD8552C620DC700686C91 /* PBXTargetDependency */ = {
			isa = PBXTargetDependency;
			target = C51DD83C2C620DC400686C91 /* FirstUIView */;
			targetProxy = C51DD8542C620DC700686C91 /* PBXContainerItemProxy */;
		};
		C51DD85F2C620DC700686C91 /* PBXTargetDependency */ = {
			isa = PBXTargetDependency;
			target = C51DD83C2C620DC400686C91 /* FirstUIView */;
			targetProxy = C51DD85E2C620DC700686C91 /* PBXContainerItemProxy */;
		};
/* End PBXTargetDependency section */

/* Begin PBXVariantGroup section */
		C51DD8462C620DC400686C91 /* Main.storyboard */ = {
			isa = PBXVariantGroup;
			children = (
				C51DD8472C620DC400686C91 /* Base */,
			);
			name = Main.storyboard;
			sourceTree = "<group>";
		};
		C51DD84B2C620DC600686C91 /* LaunchScreen.storyboard */ = {
			isa = PBXVariantGroup;
			children = (
				C51DD84C2C620DC600686C91 /* Base */,
			);
			name = LaunchScreen.storyboard;
			sourceTree = "<group>";
		};
/* End PBXVariantGroup section */

/* Begin XCBuildConfiguration section */
		C51DD8652C620DC700686C91 /* Debug */ = {
			isa = XCBuildConfiguration;
			buildSettings = {
				ALWAYS_SEARCH_USER_PATHS = NO;
				ASSETCATALOG_COMPILER_GENERATE_SWIFT_ASSET_SYMBOL_EXTENSIONS = YES;
				CLANG_ANALYZER_NONNULL = YES;
				CLANG_ANALYZER_NUMBER_OBJECT_CONVERSION = YES_AGGRESSIVE;
				CLANG_CXX_LANGUAGE_STANDARD = "gnu++20";
				CLANG_ENABLE_MODULES = YES;
				CLANG_ENABLE_OBJC_ARC = YES;
				CLANG_ENABLE_OBJC_WEAK = YES;
				CLANG_WARN_BLOCK_CAPTURE_AUTORELEASING = YES;
				CLANG_WARN_BOOL_CONVERSION = YES;
				CLANG_WARN_COMMA = YES;
				CLANG_WARN_CONSTANT_CONVERSION = YES;
				CLANG_WARN_DEPRECATED_OBJC_IMPLEMENTATIONS = YES;
				CLANG_WARN_DIRECT_OBJC_ISA_USAGE = YES_ERROR;
				CLANG_WARN_DOCUMENTATION_COMMENTS = YES;
				CLANG_WARN_EMPTY_BODY = YES;
				CLANG_WARN_ENUM_CONVERSION = YES;
				CLANG_WARN_INFINITE_RECURSION = YES;
				CLANG_WARN_INT_CONVERSION = YES;
				CLANG_WARN_NON_LITERAL_NULL_CONVERSION = YES;
				CLANG_WARN_OBJC_IMPLICIT_RETAIN_SELF = YES;
				CLANG_WARN_OBJC_LITERAL_CONVERSION = YES;
				CLANG_WARN_OBJC_ROOT_CLASS = YES_ERROR;
				CLANG_WARN_QUOTED_INCLUDE_IN_FRAMEWORK_HEADER = YES;
				CLANG_WARN_RANGE_LOOP_ANALYSIS = YES;
				CLANG_WARN_STRICT_PROTOTYPES = YES;
				CLANG_WARN_SUSPICIOUS_MOVE = YES;
				CLANG_WARN_UNGUARDED_AVAILABILITY = YES_AGGRESSIVE;
				CLANG_WARN_UNREACHABLE_CODE = YES;
				CLANG_WARN__DUPLICATE_METHOD_MATCH = YES;
				COPY_PHASE_STRIP = NO;
				DEBUG_INFORMATION_FORMAT = dwarf;
				ENABLE_STRICT_OBJC_MSGSEND = YES;
				ENABLE_TESTABILITY = YES;
				ENABLE_USER_SCRIPT_SANDBOXING = YES;
				GCC_C_LANGUAGE_STANDARD = gnu17;
				GCC_DYNAMIC_NO_PIC = NO;
				GCC_NO_COMMON_BLOCKS = YES;
				GCC_OPTIMIZATION_LEVEL = 0;
				GCC_PREPROCESSOR_DEFINITIONS = (
					"DEBUG=1",
					"$(inherited)",
				);
				GCC_WARN_64_TO_32_BIT_CONVERSION = YES;
				GCC_WARN_ABOUT_RETURN_TYPE = YES_ERROR;
				GCC_WARN_UNDECLARED_SELECTOR = YES;
				GCC_WARN_UNINITIALIZED_AUTOS = YES_AGGRESSIVE;
				GCC_WARN_UNUSED_FUNCTION = YES;
				GCC_WARN_UNUSED_VARIABLE = YES;
				IPHONEOS_DEPLOYMENT_TARGET = 17.5;
				LOCALIZATION_PREFERS_STRING_CATALOGS = YES;
				MTL_ENABLE_DEBUG_INFO = INCLUDE_SOURCE;
				MTL_FAST_MATH = YES;
				ONLY_ACTIVE_ARCH = YES;
				SDKROOT = iphoneos;
				SWIFT_ACTIVE_COMPILATION_CONDITIONS = "DEBUG $(inherited)";
				SWIFT_OPTIMIZATION_LEVEL = "-Onone";
			};
			name = Debug;
		};
		C51DD8662C620DC700686C91 /* Release */ = {
			isa = XCBuildConfiguration;
			buildSettings = {
				ALWAYS_SEARCH_USER_PATHS = NO;
				ASSETCATALOG_COMPILER_GENERATE_SWIFT_ASSET_SYMBOL_EXTENSIONS = YES;
				CLANG_ANALYZER_NONNULL = YES;
				CLANG_ANALYZER_NUMBER_OBJECT_CONVERSION = YES_AGGRESSIVE;
				CLANG_CXX_LANGUAGE_STANDARD = "gnu++20";
				CLANG_ENABLE_MODULES = YES;
				CLANG_ENABLE_OBJC_ARC = YES;
				CLANG_ENABLE_OBJC_WEAK = YES;
				CLANG_WARN_BLOCK_CAPTURE_AUTORELEASING = YES;
				CLANG_WARN_BOOL_CONVERSION = YES;
				CLANG_WARN_COMMA = YES;
				CLANG_WARN_CONSTANT_CONVERSION = YES;
				CLANG_WARN_DEPRECATED_OBJC_IMPLEMENTATIONS = YES;
				CLANG_WARN_DIRECT_OBJC_ISA_USAGE = YES_ERROR;
				CLANG_WARN_DOCUMENTATION_COMMENTS = YES;
				CLANG_WARN_EMPTY_BODY = YES;
				CLANG_WARN_ENUM_CONVERSION = YES;
				CLANG_WARN_INFINITE_RECURSION = YES;
				CLANG_WARN_INT_CONVERSION = YES;
				CLANG_WARN_NON_LITERAL_NULL_CONVERSION = YES;
				CLANG_WARN_OBJC_IMPLICIT_RETAIN_SELF = YES;
				CLANG_WARN_OBJC_LITERAL_CONVERSION = YES;
				CLANG_WARN_OBJC_ROOT_CLASS = YES_ERROR;
				CLANG_WARN_QUOTED_INCLUDE_IN_FRAMEWORK_HEADER = YES;
				CLANG_WARN_RANGE_LOOP_ANALYSIS = YES;
				CLANG_WARN_STRICT_PROTOTYPES = YES;
				CLANG_WARN_SUSPICIOUS_MOVE = YES;
				CLANG_WARN_UNGUARDED_AVAILABILITY = YES_AGGRESSIVE;
				CLANG_WARN_UNREACHABLE_CODE = YES;
				CLANG_WARN__DUPLICATE_METHOD_MATCH = YES;
				COPY_PHASE_STRIP = NO;
				DEBUG_INFORMATION_FORMAT = "dwarf-with-dsym";
				ENABLE_NS_ASSERTIONS = NO;
				ENABLE_STRICT_OBJC_MSGSEND = YES;
				ENABLE_USER_SCRIPT_SANDBOXING = YES;
				GCC_C_LANGUAGE_STANDARD = gnu17;
				GCC_NO_COMMON_BLOCKS = YES;
				GCC_WARN_64_TO_32_BIT_CONVERSION = YES;
				GCC_WARN_ABOUT_RETURN_TYPE = YES_ERROR;
				GCC_WARN_UNDECLARED_SELECTOR = YES;
				GCC_WARN_UNINITIALIZED_AUTOS = YES_AGGRESSIVE;
				GCC_WARN_UNUSED_FUNCTION = YES;
				GCC_WARN_UNUSED_VARIABLE = YES;
				IPHONEOS_DEPLOYMENT_TARGET = 17.5;
				LOCALIZATION_PREFERS_STRING_CATALOGS = YES;
				MTL_ENABLE_DEBUG_INFO = NO;
				MTL_FAST_MATH = YES;
				SDKROOT = iphoneos;
				SWIFT_COMPILATION_MODE = wholemodule;
				VALIDATE_PRODUCT = YES;
			};
			name = Release;
		};
		C51DD8682C620DC700686C91 /* Debug */ = {
			isa = XCBuildConfiguration;
			buildSettings = {
				ASSETCATALOG_COMPILER_APPICON_NAME = AppIcon;
				ASSETCATALOG_COMPILER_GLOBAL_ACCENT_COLOR_NAME = AccentColor;
				CODE_SIGN_STYLE = Automatic;
				CURRENT_PROJECT_VERSION = 1;
				GENERATE_INFOPLIST_FILE = YES;
				INFOPLIST_FILE = FirstUIView/Info.plist;
				INFOPLIST_KEY_UIApplicationSupportsIndirectInputEvents = YES;
				INFOPLIST_KEY_UILaunchStoryboardName = LaunchScreen;
				INFOPLIST_KEY_UIMainStoryboardFile = Main;
				INFOPLIST_KEY_UISupportedInterfaceOrientations_iPad = "UIInterfaceOrientationPortrait UIInterfaceOrientationPortraitUpsideDown UIInterfaceOrientationLandscapeLeft UIInterfaceOrientationLandscapeRight";
				INFOPLIST_KEY_UISupportedInterfaceOrientations_iPhone = "UIInterfaceOrientationPortrait UIInterfaceOrientationLandscapeLeft UIInterfaceOrientationLandscapeRight";
				LD_RUNPATH_SEARCH_PATHS = (
					"$(inherited)",
					"@executable_path/Frameworks",
				);
				MARKETING_VERSION = 1.0;
				PRODUCT_BUNDLE_IDENTIFIER = macOsByGiang.FirstUIView;
				PRODUCT_NAME = "$(TARGET_NAME)";
				SWIFT_EMIT_LOC_STRINGS = YES;
				SWIFT_VERSION = 5.0;
				TARGETED_DEVICE_FAMILY = "1,2";
			};
			name = Debug;
		};
		C51DD8692C620DC700686C91 /* Release */ = {
			isa = XCBuildConfiguration;
			buildSettings = {
				ASSETCATALOG_COMPILER_APPICON_NAME = AppIcon;
				ASSETCATALOG_COMPILER_GLOBAL_ACCENT_COLOR_NAME = AccentColor;
				CODE_SIGN_STYLE = Automatic;
				CURRENT_PROJECT_VERSION = 1;
				GENERATE_INFOPLIST_FILE = YES;
				INFOPLIST_FILE = FirstUIView/Info.plist;
				INFOPLIST_KEY_UIApplicationSupportsIndirectInputEvents = YES;
				INFOPLIST_KEY_UILaunchStoryboardName = LaunchScreen;
				INFOPLIST_KEY_UIMainStoryboardFile = Main;
				INFOPLIST_KEY_UISupportedInterfaceOrientations_iPad = "UIInterfaceOrientationPortrait UIInterfaceOrientationPortraitUpsideDown UIInterfaceOrientationLandscapeLeft UIInterfaceOrientationLandscapeRight";
				INFOPLIST_KEY_UISupportedInterfaceOrientations_iPhone = "UIInterfaceOrientationPortrait UIInterfaceOrientationLandscapeLeft UIInterfaceOrientationLandscapeRight";
				LD_RUNPATH_SEARCH_PATHS = (
					"$(inherited)",
					"@executable_path/Frameworks",
				);
				MARKETING_VERSION = 1.0;
				PRODUCT_BUNDLE_IDENTIFIER = macOsByGiang.FirstUIView;
				PRODUCT_NAME = "$(TARGET_NAME)";
				SWIFT_EMIT_LOC_STRINGS = YES;
				SWIFT_VERSION = 5.0;
				TARGETED_DEVICE_FAMILY = "1,2";
			};
			name = Release;
		};
		C51DD86B2C620DC700686C91 /* Debug */ = {
			isa = XCBuildConfiguration;
			buildSettings = {
				ALWAYS_EMBED_SWIFT_STANDARD_LIBRARIES = YES;
				BUNDLE_LOADER = "$(TEST_HOST)";
				CODE_SIGN_STYLE = Automatic;
				CURRENT_PROJECT_VERSION = 1;
				GENERATE_INFOPLIST_FILE = YES;
				IPHONEOS_DEPLOYMENT_TARGET = 17.5;
				MARKETING_VERSION = 1.0;
				PRODUCT_BUNDLE_IDENTIFIER = macOsByGiang.FirstUIViewTests;
				PRODUCT_NAME = "$(TARGET_NAME)";
				SWIFT_EMIT_LOC_STRINGS = NO;
				SWIFT_VERSION = 5.0;
				TARGETED_DEVICE_FAMILY = "1,2";
				TEST_HOST = "$(BUILT_PRODUCTS_DIR)/FirstUIView.app/$(BUNDLE_EXECUTABLE_FOLDER_PATH)/FirstUIView";
			};
			name = Debug;
		};
		C51DD86C2C620DC700686C91 /* Release */ = {
			isa = XCBuildConfiguration;
			buildSettings = {
				ALWAYS_EMBED_SWIFT_STANDARD_LIBRARIES = YES;
				BUNDLE_LOADER = "$(TEST_HOST)";
				CODE_SIGN_STYLE = Automatic;
				CURRENT_PROJECT_VERSION = 1;
				GENERATE_INFOPLIST_FILE = YES;
				IPHONEOS_DEPLOYMENT_TARGET = 17.5;
				MARKETING_VERSION = 1.0;
				PRODUCT_BUNDLE_IDENTIFIER = macOsByGiang.FirstUIViewTests;
				PRODUCT_NAME = "$(TARGET_NAME)";
				SWIFT_EMIT_LOC_STRINGS = NO;
				SWIFT_VERSION = 5.0;
				TARGETED_DEVICE_FAMILY = "1,2";
				TEST_HOST = "$(BUILT_PRODUCTS_DIR)/FirstUIView.app/$(BUNDLE_EXECUTABLE_FOLDER_PATH)/FirstUIView";
			};
			name = Release;
		};
		C51DD86E2C620DC700686C91 /* Debug */ = {
			isa = XCBuildConfiguration;
			buildSettings = {
				ALWAYS_EMBED_SWIFT_STANDARD_LIBRARIES = YES;
				CODE_SIGN_STYLE = Automatic;
				CURRENT_PROJECT_VERSION = 1;
				GENERATE_INFOPLIST_FILE = YES;
				MARKETING_VERSION = 1.0;
				PRODUCT_BUNDLE_IDENTIFIER = macOsByGiang.FirstUIViewUITests;
				PRODUCT_NAME = "$(TARGET_NAME)";
				SWIFT_EMIT_LOC_STRINGS = NO;
				SWIFT_VERSION = 5.0;
				TARGETED_DEVICE_FAMILY = "1,2";
				TEST_TARGET_NAME = FirstUIView;
			};
			name = Debug;
		};
		C51DD86F2C620DC700686C91 /* Release */ = {
			isa = XCBuildConfiguration;
			buildSettings = {
				ALWAYS_EMBED_SWIFT_STANDARD_LIBRARIES = YES;
				CODE_SIGN_STYLE = Automatic;
				CURRENT_PROJECT_VERSION = 1;
				GENERATE_INFOPLIST_FILE = YES;
				MARKETING_VERSION = 1.0;
				PRODUCT_BUNDLE_IDENTIFIER = macOsByGiang.FirstUIViewUITests;
				PRODUCT_NAME = "$(TARGET_NAME)";
				SWIFT_EMIT_LOC_STRINGS = NO;
				SWIFT_VERSION = 5.0;
				TARGETED_DEVICE_FAMILY = "1,2";
				TEST_TARGET_NAME = FirstUIView;
			};
			name = Release;
		};
/* End XCBuildConfiguration section */

/* Begin XCConfigurationList section */
		C51DD8382C620DC400686C91 /* Build configuration list for PBXProject "FirstUIView" */ = {
			isa = XCConfigurationList;
			buildConfigurations = (
				C51DD8652C620DC700686C91 /* Debug */,
				C51DD8662C620DC700686C91 /* Release */,
			);
			defaultConfigurationIsVisible = 0;
			defaultConfigurationName = Release;
		};
		C51DD8672C620DC700686C91 /* Build configuration list for PBXNativeTarget "FirstUIView" */ = {
			isa = XCConfigurationList;
			buildConfigurations = (
				C51DD8682C620DC700686C91 /* Debug */,
				C51DD8692C620DC700686C91 /* Release */,
			);
			defaultConfigurationIsVisible = 0;
			defaultConfigurationName = Release;
		};
		C51DD86A2C620DC700686C91 /* Build configuration list for PBXNativeTarget "FirstUIViewTests" */ = {
			isa = XCConfigurationList;
			buildConfigurations = (
				C51DD86B2C620DC700686C91 /* Debug */,
				C51DD86C2C620DC700686C91 /* Release */,
			);
			defaultConfigurationIsVisible = 0;
			defaultConfigurationName = Release;
		};
		C51DD86D2C620DC700686C91 /* Build configuration list for PBXNativeTarget "FirstUIViewUITests" */ = {
			isa = XCConfigurationList;
			buildConfigurations = (
				C51DD86E2C620DC700686C91 /* Debug */,
				C51DD86F2C620DC700686C91 /* Release */,
			);
			defaultConfigurationIsVisible = 0;
			defaultConfigurationName = Release;
		};
/* End XCConfigurationList section */
	};
	rootObject = C51DD8352C620DC400686C91 /* Project object */;
}
